// !$*UTF8*$!
{
	archiveVersion = 1;
	classes = {
	};
	objectVersion = 55;
	objects = {

/* Begin PBXBuildFile section */
		20945DE82860BF99005A4580 /* HWOtusSUIApp.swift in Sources */ = {isa = PBXBuildFile; fileRef = 20945DE72860BF99005A4580 /* HWOtusSUIApp.swift */; };
		20945DEC2860BF9A005A4580 /* Assets.xcassets in Resources */ = {isa = PBXBuildFile; fileRef = 20945DEB2860BF9A005A4580 /* Assets.xcassets */; };
		20945DEF2860BF9A005A4580 /* Preview Assets.xcassets in Resources */ = {isa = PBXBuildFile; fileRef = 20945DEE2860BF9A005A4580 /* Preview Assets.xcassets */; };
		20945E002860BFBD005A4580 /* ThirdTabScreen.swift in Sources */ = {isa = PBXBuildFile; fileRef = 20945DF62860BFBD005A4580 /* ThirdTabScreen.swift */; };
		20945E012860BFBD005A4580 /* FirstTabScreen.swift in Sources */ = {isa = PBXBuildFile; fileRef = 20945DF82860BFBD005A4580 /* FirstTabScreen.swift */; };
		20945E022860BFBD005A4580 /* SecondTabScreen.swift in Sources */ = {isa = PBXBuildFile; fileRef = 20945DFA2860BFBD005A4580 /* SecondTabScreen.swift */; };
		20945E032860BFBD005A4580 /* ElementScreen.swift in Sources */ = {isa = PBXBuildFile; fileRef = 20945DFB2860BFBD005A4580 /* ElementScreen.swift */; };
		20945E052860BFBD005A4580 /* TabsRouter.swift in Sources */ = {isa = PBXBuildFile; fileRef = 20945DFE2860BFBD005A4580 /* TabsRouter.swift */; };
		20945E062860BFBD005A4580 /* ContentView.swift in Sources */ = {isa = PBXBuildFile; fileRef = 20945DFF2860BFBD005A4580 /* ContentView.swift */; };
/* End PBXBuildFile section */

/* Begin PBXFileReference section */
		20945DE42860BF99005A4580 /* HWOtusSUI.app */ = {isa = PBXFileReference; explicitFileType = wrapper.application; includeInIndex = 0; path = HWOtusSUI.app; sourceTree = BUILT_PRODUCTS_DIR; };
		20945DE72860BF99005A4580 /* HWOtusSUIApp.swift */ = {isa = PBXFileReference; lastKnownFileType = sourcecode.swift; path = HWOtusSUIApp.swift; sourceTree = "<group>"; };
		20945DEB2860BF9A005A4580 /* Assets.xcassets */ = {isa = PBXFileReference; lastKnownFileType = folder.assetcatalog; path = Assets.xcassets; sourceTree = "<group>"; };
		20945DEE2860BF9A005A4580 /* Preview Assets.xcassets */ = {isa = PBXFileReference; lastKnownFileType = folder.assetcatalog; path = "Preview Assets.xcassets"; sourceTree = "<group>"; };
		20945DF62860BFBD005A4580 /* ThirdTabScreen.swift */ = {isa = PBXFileReference; fileEncoding = 4; lastKnownFileType = sourcecode.swift; path = ThirdTabScreen.swift; sourceTree = "<group>"; };
		20945DF82860BFBD005A4580 /* FirstTabScreen.swift */ = {isa = PBXFileReference; fileEncoding = 4; lastKnownFileType = sourcecode.swift; path = FirstTabScreen.swift; sourceTree = "<group>"; };
		20945DFA2860BFBD005A4580 /* SecondTabScreen.swift */ = {isa = PBXFileReference; fileEncoding = 4; lastKnownFileType = sourcecode.swift; path = SecondTabScreen.swift; sourceTree = "<group>"; };
		20945DFB2860BFBD005A4580 /* ElementScreen.swift */ = {isa = PBXFileReference; fileEncoding = 4; lastKnownFileType = sourcecode.swift; path = ElementScreen.swift; sourceTree = "<group>"; };
		20945DFE2860BFBD005A4580 /* TabsRouter.swift */ = {isa = PBXFileReference; fileEncoding = 4; lastKnownFileType = sourcecode.swift; path = TabsRouter.swift; sourceTree = "<group>"; };
		20945DFF2860BFBD005A4580 /* ContentView.swift */ = {isa = PBXFileReference; fileEncoding = 4; lastKnownFileType = sourcecode.swift; path = ContentView.swift; sourceTree = "<group>"; };
/* End PBXFileReference section */

/* Begin PBXFrameworksBuildPhase section */
		20945DE12860BF99005A4580 /* Frameworks */ = {
			isa = PBXFrameworksBuildPhase;
			buildActionMask = 2147483647;
			files = (
			);
			runOnlyForDeploymentPostprocessing = 0;
		};
/* End PBXFrameworksBuildPhase section */

/* Begin PBXGroup section */
		20945DDB2860BF99005A4580 = {
			isa = PBXGroup;
			children = (
				20945DE62860BF99005A4580 /* HWOtusSUI */,
				20945DE52860BF99005A4580 /* Products */,
			);
			sourceTree = "<group>";
		};
		20945DE52860BF99005A4580 /* Products */ = {
			isa = PBXGroup;
			children = (
				20945DE42860BF99005A4580 /* HWOtusSUI.app */,
			);
			name = Products;
			sourceTree = "<group>";
		};
		20945DE62860BF99005A4580 /* HWOtusSUI */ = {
			isa = PBXGroup;
			children = (
				20945DFC2860BFBD005A4580 /* Core */,
				20945DF72860BFBD005A4580 /* FirstTab */,
				20945DF92860BFBD005A4580 /* SecondTab */,
				20945DF52860BFBD005A4580 /* ThirdTab */,
				20945DEB2860BF9A005A4580 /* Assets.xcassets */,
				20945DED2860BF9A005A4580 /* Preview Content */,
			);
			path = HWOtusSUI;
			sourceTree = "<group>";
		};
		20945DED2860BF9A005A4580 /* Preview Content */ = {
			isa = PBXGroup;
			children = (
				20945DEE2860BF9A005A4580 /* Preview Assets.xcassets */,
			);
			path = "Preview Content";
			sourceTree = "<group>";
		};
		20945DF52860BFBD005A4580 /* ThirdTab */ = {
			isa = PBXGroup;
			children = (
				20945DF62860BFBD005A4580 /* ThirdTabScreen.swift */,
			);
			path = ThirdTab;
			sourceTree = "<group>";
		};
		20945DF72860BFBD005A4580 /* FirstTab */ = {
			isa = PBXGroup;
			children = (
				20945DF82860BFBD005A4580 /* FirstTabScreen.swift */,
			);
			path = FirstTab;
			sourceTree = "<group>";
		};
		20945DF92860BFBD005A4580 /* SecondTab */ = {
			isa = PBXGroup;
			children = (
				20945DFA2860BFBD005A4580 /* SecondTabScreen.swift */,
				20945DFB2860BFBD005A4580 /* ElementScreen.swift */,
			);
			path = SecondTab;
			sourceTree = "<group>";
		};
		20945DFC2860BFBD005A4580 /* Core */ = {
			isa = PBXGroup;
			children = (
				20945DE72860BF99005A4580 /* HWOtusSUIApp.swift */,
				20945DFE2860BFBD005A4580 /* TabsRouter.swift */,
				20945DFF2860BFBD005A4580 /* ContentView.swift */,
			);
			path = Core;
			sourceTree = "<group>";
		};
/* End PBXGroup section */

/* Begin PBXNativeTarget section */
		20945DE32860BF99005A4580 /* HWOtusSUI */ = {
			isa = PBXNativeTarget;
			buildConfigurationList = 20945DF22860BF9A005A4580 /* Build configuration list for PBXNativeTarget "HWOtusSUI" */;
			buildPhases = (
				20945DE02860BF99005A4580 /* Sources */,
				20945DE12860BF99005A4580 /* Frameworks */,
				20945DE22860BF99005A4580 /* Resources */,
			);
			buildRules = (
			);
			dependencies = (
			);
			name = HWOtusSUI;
			productName = HWOtusSUI;
			productReference = 20945DE42860BF99005A4580 /* HWOtusSUI.app */;
			productType = "com.apple.product-type.application";
		};
/* End PBXNativeTarget section */

/* Begin PBXProject section */
		20945DDC2860BF99005A4580 /* Project object */ = {
			isa = PBXProject;
			attributes = {
				BuildIndependentTargetsInParallel = 1;
				LastSwiftUpdateCheck = 1320;
				LastUpgradeCheck = 1320;
				TargetAttributes = {
					20945DE32860BF99005A4580 = {
						CreatedOnToolsVersion = 13.2.1;
					};
				};
			};
			buildConfigurationList = 20945DDF2860BF99005A4580 /* Build configuration list for PBXProject "HWOtusSUI" */;
			compatibilityVersion = "Xcode 13.0";
			developmentRegion = en;
			hasScannedForEncodings = 0;
			knownRegions = (
				en,
				Base,
			);
			mainGroup = 20945DDB2860BF99005A4580;
			productRefGroup = 20945DE52860BF99005A4580 /* Products */;
			projectDirPath = "";
			projectRoot = "";
			targets = (
				20945DE32860BF99005A4580 /* HWOtusSUI */,
			);
		};
/* End PBXProject section */

/* Begin PBXResourcesBuildPhase section */
		20945DE22860BF99005A4580 /* Resources */ = {
			isa = PBXResourcesBuildPhase;
			buildActionMask = 2147483647;
			files = (
				20945DEF2860BF9A005A4580 /* Preview Assets.xcassets in Resources */,
				20945DEC2860BF9A005A4580 /* Assets.xcassets in Resources */,
			);
			runOnlyForDeploymentPostprocessing = 0;
		};
/* End PBXResourcesBuildPhase section */

/* Begin PBXSourcesBuildPhase section */
		20945DE02860BF99005A4580 /* Sources */ = {
			isa = PBXSourcesBuildPhase;
			buildActionMask = 2147483647;
			files = (
				20945E002860BFBD005A4580 /* ThirdTabScreen.swift in Sources */,
				20945E012860BFBD005A4580 /* FirstTabScreen.swift in Sources */,
				20945DE82860BF99005A4580 /* HWOtusSUIApp.swift in Sources */,
				20945E032860BFBD005A4580 /* ElementScreen.swift in Sources */,
				20945E062860BFBD005A4580 /* ContentView.swift in Sources */,
				20945E052860BFBD005A4580 /* TabsRouter.swift in Sources */,
				20945E022860BFBD005A4580 /* SecondTabScreen.swift in Sources */,
			);
			runOnlyForDeploymentPostprocessing = 0;
		};
/* End PBXSourcesBuildPhase section */

/* Begin XCBuildConfiguration section */
		20945DF02860BF9A005A4580 /* Debug */ = {
			isa = XCBuildConfiguration;
			buildSettings = {
				ALWAYS_SEARCH_USER_PATHS = NO;
				CLANG_ANALYZER_NONNULL = YES;
				CLANG_ANALYZER_NUMBER_OBJECT_CONVERSION = YES_AGGRESSIVE;
				CLANG_CXX_LANGUAGE_STANDARD = "gnu++17";
				CLANG_CXX_LIBRARY = "libc++";
				CLANG_ENABLE_MODULES = YES;
				CLANG_ENABLE_OBJC_ARC = YES;
				CLANG_ENABLE_OBJC_WEAK = YES;
				CLANG_WARN_BLOCK_CAPTURE_AUTORELEASING = YES;
				CLANG_WARN_BOOL_CONVERSION = YES;
				CLANG_WARN_COMMA = YES;
				CLANG_WARN_CONSTANT_CONVERSION = YES;
				CLANG_WARN_DEPRECATED_OBJC_IMPLEMENTATIONS = YES;
				CLANG_WARN_DIRECT_OBJC_ISA_USAGE = YES_ERROR;
				CLANG_WARN_DOCUMENTATION_COMMENTS = YES;
				CLANG_WARN_EMPTY_BODY = YES;
				CLANG_WARN_ENUM_CONVERSION = YES;
				CLANG_WARN_INFINITE_RECURSION = YES;
				CLANG_WARN_INT_CONVERSION = YES;
				CLANG_WARN_NON_LITERAL_NULL_CONVERSION = YES;
				CLANG_WARN_OBJC_IMPLICIT_RETAIN_SELF = YES;
				CLANG_WARN_OBJC_LITERAL_CONVERSION = YES;
				CLANG_WARN_OBJC_ROOT_CLASS = YES_ERROR;
				CLANG_WARN_QUOTED_INCLUDE_IN_FRAMEWORK_HEADER = YES;
				CLANG_WARN_RANGE_LOOP_ANALYSIS = YES;
				CLANG_WARN_STRICT_PROTOTYPES = YES;
				CLANG_WARN_SUSPICIOUS_MOVE = YES;
				CLANG_WARN_UNGUARDED_AVAILABILITY = YES_AGGRESSIVE;
				CLANG_WARN_UNREACHABLE_CODE = YES;
				CLANG_WARN__DUPLICATE_METHOD_MATCH = YES;
				COPY_PHASE_STRIP = NO;
				DEBUG_INFORMATION_FORMAT = dwarf;
				ENABLE_STRICT_OBJC_MSGSEND = YES;
				ENABLE_TESTABILITY = YES;
				GCC_C_LANGUAGE_STANDARD = gnu11;
				GCC_DYNAMIC_NO_PIC = NO;
				GCC_NO_COMMON_BLOCKS = YES;
				GCC_OPTIMIZATION_LEVEL = 0;
				GCC_PREPROCESSOR_DEFINITIONS = (
					"DEBUG=1",
					"$(inherited)",
				);
				GCC_WARN_64_TO_32_BIT_CONVERSION = YES;
				GCC_WARN_ABOUT_RETURN_TYPE = YES_ERROR;
				GCC_WARN_UNDECLARED_SELECTOR = YES;
				GCC_WARN_UNINITIALIZED_AUTOS = YES_AGGRESSIVE;
				GCC_WARN_UNUSED_FUNCTION = YES;
				GCC_WARN_UNUSED_VARIABLE = YES;
				IPHONEOS_DEPLOYMENT_TARGET = 15.2;
				MTL_ENABLE_DEBUG_INFO = INCLUDE_SOURCE;
				MTL_FAST_MATH = YES;
				ONLY_ACTIVE_ARCH = YES;
				SDKROOT = iphoneos;
				SWIFT_ACTIVE_COMPILATION_CONDITIONS = DEBUG;
				SWIFT_OPTIMIZATION_LEVEL = "-Onone";
			};
			name = Debug;
		};
		20945DF12860BF9A005A4580 /* Release */ = {
			isa = XCBuildConfiguration;
			buildSettings = {
				ALWAYS_SEARCH_USER_PATHS = NO;
				CLANG_ANALYZER_NONNULL = YES;
				CLANG_ANALYZER_NUMBER_OBJECT_CONVERSION = YES_AGGRESSIVE;
				CLANG_CXX_LANGUAGE_STANDARD = "gnu++17";
				CLANG_CXX_LIBRARY = "libc++";
				CLANG_ENABLE_MODULES = YES;
				CLANG_ENABLE_OBJC_ARC = YES;
				CLANG_ENABLE_OBJC_WEAK = YES;
				CLANG_WARN_BLOCK_CAPTURE_AUTORELEASING = YES;
				CLANG_WARN_BOOL_CONVERSION = YES;
				CLANG_WARN_COMMA = YES;
				CLANG_WARN_CONSTANT_CONVERSION = YES;
				CLANG_WARN_DEPRECATED_OBJC_IMPLEMENTATIONS = YES;
				CLANG_WARN_DIRECT_OBJC_ISA_USAGE = YES_ERROR;
				CLANG_WARN_DOCUMENTATION_COMMENTS = YES;
				CLANG_WARN_EMPTY_BODY = YES;
				CLANG_WARN_ENUM_CONVERSION = YES;
				CLANG_WARN_INFINITE_RECURSION = YES;
				CLANG_WARN_INT_CONVERSION = YES;
				CLANG_WARN_NON_LITERAL_NULL_CONVERSION = YES;
				CLANG_WARN_OBJC_IMPLICIT_RETAIN_SELF = YES;
				CLANG_WARN_OBJC_LITERAL_CONVERSION = YES;
				CLANG_WARN_OBJC_ROOT_CLASS = YES_ERROR;
				CLANG_WARN_QUOTED_INCLUDE_IN_FRAMEWORK_HEADER = YES;
				CLANG_WARN_RANGE_LOOP_ANALYSIS = YES;
				CLANG_WARN_STRICT_PROTOTYPES = YES;
				CLANG_WARN_SUSPICIOUS_MOVE = YES;
				CLANG_WARN_UNGUARDED_AVAILABILITY = YES_AGGRESSIVE;
				CLANG_WARN_UNREACHABLE_CODE = YES;
				CLANG_WARN__DUPLICATE_METHOD_MATCH = YES;
				COPY_PHASE_STRIP = NO;
				DEBUG_INFORMATION_FORMAT = "dwarf-with-dsym";
				ENABLE_NS_ASSERTIONS = NO;
				ENABLE_STRICT_OBJC_MSGSEND = YES;
				GCC_C_LANGUAGE_STANDARD = gnu11;
				GCC_NO_COMMON_BLOCKS = YES;
				GCC_WARN_64_TO_32_BIT_CONVERSION = YES;
				GCC_WARN_ABOUT_RETURN_TYPE = YES_ERROR;
				GCC_WARN_UNDECLARED_SELECTOR = YES;
				GCC_WARN_UNINITIALIZED_AUTOS = YES_AGGRESSIVE;
				GCC_WARN_UNUSED_FUNCTION = YES;
				GCC_WARN_UNUSED_VARIABLE = YES;
				IPHONEOS_DEPLOYMENT_TARGET = 15.2;
				MTL_ENABLE_DEBUG_INFO = NO;
				MTL_FAST_MATH = YES;
				SDKROOT = iphoneos;
				SWIFT_COMPILATION_MODE = wholemodule;
				SWIFT_OPTIMIZATION_LEVEL = "-O";
				VALIDATE_PRODUCT = YES;
			};
			name = Release;
		};
		20945DF32860BF9A005A4580 /* Debug */ = {
			isa = XCBuildConfiguration;
			buildSettings = {
				ASSETCATALOG_COMPILER_APPICON_NAME = AppIcon;
				ASSETCATALOG_COMPILER_GLOBAL_ACCENT_COLOR_NAME = AccentColor;
				CODE_SIGN_STYLE = Automatic;
				CURRENT_PROJECT_VERSION = 1;
				DEVELOPMENT_ASSET_PATHS = "\"HWOtusSUI/Preview Content\"";
				DEVELOPMENT_TEAM = JF696JBLVC;
				ENABLE_PREVIEWS = YES;
				GENERATE_INFOPLIST_FILE = YES;
				INFOPLIST_KEY_UIApplicationSceneManifest_Generation = YES;
				INFOPLIST_KEY_UIApplicationSupportsIndirectInputEvents = YES;
				INFOPLIST_KEY_UILaunchScreen_Generation = YES;
				INFOPLIST_KEY_UISupportedInterfaceOrientations_iPad = "UIInterfaceOrientationPortrait UIInterfaceOrientationPortraitUpsideDown UIInterfaceOrientationLandscapeLeft UIInterfaceOrientationLandscapeRight";
				INFOPLIST_KEY_UISupportedInterfaceOrientations_iPhone = "UIInterfaceOrientationPortrait UIInterfaceOrientationLandscapeLeft UIInterfaceOrientationLandscapeRight";
				LD_RUNPATH_SEARCH_PATHS = (
					"$(inherited)",
					"@executable_path/Frameworks",
				);
				MARKETING_VERSION = 1.0;
				PRODUCT_BUNDLE_IDENTIFIER = eameshcheryakov.HWOtusSUI;
				PRODUCT_NAME = "$(TARGET_NAME)";
				SWIFT_EMIT_LOC_STRINGS = YES;
				SWIFT_VERSION = 5.0;
				TARGETED_DEVICE_FAMILY = "1,2";
			};
			name = Debug;
		};
		20945DF42860BF9A005A4580 /* Release */ = {
			isa = XCBuildConfiguration;
			buildSettings = {
				ASSETCATALOG_COMPILER_APPICON_NAME = AppIcon;
				ASSETCATALOG_COMPILER_GLOBAL_ACCENT_COLOR_NAME = AccentColor;
				CODE_SIGN_STYLE = Automatic;
				CURRENT_PROJECT_VERSION = 1;
				DEVELOPMENT_ASSET_PATHS = "\"HWOtusSUI/Preview Content\"";
				DEVELOPMENT_TEAM = JF696JBLVC;
				ENABLE_PREVIEWS = YES;
				GENERATE_INFOPLIST_FILE = YES;
				INFOPLIST_KEY_UIApplicationSceneManifest_Generation = YES;
				INFOPLIST_KEY_UIApplicationSupportsIndirectInputEvents = YES;
				INFOPLIST_KEY_UILaunchScreen_Generation = YES;
				INFOPLIST_KEY_UISupportedInterfaceOrientations_iPad = "UIInterfaceOrientationPortrait UIInterfaceOrientationPortraitUpsideDown UIInterfaceOrientationLandscapeLeft UIInterfaceOrientationLandscapeRight";
				INFOPLIST_KEY_UISupportedInterfaceOrientations_iPhone = "UIInterfaceOrientationPortrait UIInterfaceOrientationLandscapeLeft UIInterfaceOrientationLandscapeRight";
				LD_RUNPATH_SEARCH_PATHS = (
					"$(inherited)",
					"@executable_path/Frameworks",
				);
				MARKETING_VERSION = 1.0;
				PRODUCT_BUNDLE_IDENTIFIER = eameshcheryakov.HWOtusSUI;
				PRODUCT_NAME = "$(TARGET_NAME)";
				SWIFT_EMIT_LOC_STRINGS = YES;
				SWIFT_VERSION = 5.0;
				TARGETED_DEVICE_FAMILY = "1,2";
			};
			name = Release;
		};
/* End XCBuildConfiguration section */

/* Begin XCConfigurationList section */
		20945DDF2860BF99005A4580 /* Build configuration list for PBXProject "HWOtusSUI" */ = {
			isa = XCConfigurationList;
			buildConfigurations = (
				20945DF02860BF9A005A4580 /* Debug */,
				20945DF12860BF9A005A4580 /* Release */,
			);
			defaultConfigurationIsVisible = 0;
			defaultConfigurationName = Release;
		};
		20945DF22860BF9A005A4580 /* Build configuration list for PBXNativeTarget "HWOtusSUI" */ = {
			isa = XCConfigurationList;
			buildConfigurations = (
				20945DF32860BF9A005A4580 /* Debug */,
				20945DF42860BF9A005A4580 /* Release */,
			);
			defaultConfigurationIsVisible = 0;
			defaultConfigurationName = Release;
		};
/* End XCConfigurationList section */
	};
	rootObject = 20945DDC2860BF99005A4580 /* Project object */;
}
